
Microsoft Visual Studio Solution File, Format Version 12.00
# Visual Studio Version 16
VisualStudioVersion = 16.0.30907.101
MinimumVisualStudioVersion = 10.0.40219.1
Project("{FAE04EC0-301F-11D3-BF4B-00C04F79EFBC}") = "Dental Clinic Management Project", "Dental Clinic Management Project.csproj", "{1EF87CE1-F954-41F2-926E-FD0278174ED4}"
EndProject
Global
	GlobalSection(SolutionConfigurationPlatforms) = preSolution
		Debug|Any CPU = Debug|Any CPU
		Release|Any CPU = Release|Any CPU
	EndGlobalSection
	GlobalSection(ProjectConfigurationPlatforms) = postSolution
		{1EF87CE1-F954-41F2-926E-FD0278174ED4}.Debug|Any CPU.ActiveCfg = Debug|Any CPU
		{1EF87CE1-F954-41F2-926E-FD0278174ED4}.Debug|Any CPU.Build.0 = Debug|Any CPU
		{1EF87CE1-F954-41F2-926E-FD0278174ED4}.Release|Any CPU.ActiveCfg = Release|Any CPU
		{1EF87CE1-F954-41F2-926E-FD0278174ED4}.Release|Any CPU.Build.0 = Release|Any CPU
	EndGlobalSection
	GlobalSection(SolutionProperties) = preSolution
		HideSolutionNode = FALSE
	EndGlobalSection
	GlobalSection(ExtensibilityGlobals) = postSolution
		SolutionGuid = {E0578270-5A7A-488C-A73D-5C615AB04491}
	EndGlobalSection
EndGlobal
